
Microsoft Visual Studio Solution File, Format Version 12.00
# Visual Studio Version 16
VisualStudioVersion = 16.0.31515.178
MinimumVisualStudioVersion = 10.0.40219.1
Project("{FAE04EC0-301F-11D3-BF4B-00C04F79EFBC}") = "Galactic Bypass", "Galactic Bypass\Galactic Bypass.csproj", "{A17AC8D5-2FE7-4A9E-A474-0F2A8EF501BD}"
EndProject
Global
	GlobalSection(SolutionConfigurationPlatforms) = preSolution
		Debug|Any CPU = Debug|Any CPU
		Release|Any CPU = Release|Any CPU
	EndGlobalSection
	GlobalSection(ProjectConfigurationPlatforms) = postSolution
		{A17AC8D5-2FE7-4A9E-A474-0F2A8EF501BD}.Debug|Any CPU.ActiveCfg = Debug|Any CPU
		{A17AC8D5-2FE7-4A9E-A474-0F2A8EF501BD}.Debug|Any CPU.Build.0 = Debug|Any CPU
		{A17AC8D5-2FE7-4A9E-A474-0F2A8EF501BD}.Release|Any CPU.ActiveCfg = Release|Any CPU
		{A17AC8D5-2FE7-4A9E-A474-0F2A8EF501BD}.Release|Any CPU.Build.0 = Release|Any CPU
	EndGlobalSection
	GlobalSection(SolutionProperties) = preSolution
		HideSolutionNode = FALSE
	EndGlobalSection
	GlobalSection(ExtensibilityGlobals) = postSolution
		SolutionGuid = {386D0CD0-F7AE-41B6-86B2-A204BE667F34}
	EndGlobalSection
EndGlobal
